PODS:
  - DTRouter (0.0.3):
    - DTRouter/Core (= 0.0.3)
    - DTRouter/Modular (= 0.0.3)
    - DTRouter/UI (= 0.0.3)
  - DTRouter/Core (0.0.3)
  - DTRouter/Modular (0.0.3):
    - DTRouter/Core
  - DTRouter/UI (0.0.3):
    - DTRouter/Core

DEPENDENCIES:
  - DTRouter (from `../`)

EXTERNAL SOURCES:
  DTRouter:
    :path: ../

SPEC CHECKSUMS:
  DTRouter: 5ece2405e241c6d72fec02eb1e5435046b220750

PODFILE CHECKSUM: 725648ebca48ed22919709106da32ffe1fa013ae

COCOAPODS: 1.1.1
