PODS:
  - DTRouter (0.0.1):
    - DTRouter/Core (= 0.0.1)
    - DTRouter/UI (= 0.0.1)
  - DTRouter/Core (0.0.1)
  - DTRouter/UI (0.0.1)

DEPENDENCIES:
  - DTRouter (from `../`)

EXTERNAL SOURCES:
  DTRouter:
    :path: ../

SPEC CHECKSUMS:
  DTRouter: cd98485f9ce003d4f242c31175ba6e5c7b2c527b

PODFILE CHECKSUM: 725648ebca48ed22919709106da32ffe1fa013ae

COCOAPODS: 1.1.1
